
Microsoft Visual Studio Solution File, Format Version 12.00
# Visual Studio Version 17
VisualStudioVersion = 17.8.34330.188
MinimumVisualStudioVersion = 10.0.40219.1
Project("{9A19103F-16F7-4668-BE54-9A1E7A4F7556}") = "EC2ProxyServer", "EC2ProxyServer.csproj", "{E0ACC2F7-94D5-4932-9E49-CD02704AFD99}"
EndProject
Global
	GlobalSection(SolutionConfigurationPlatforms) = preSolution
		Debug|Any CPU = Debug|Any CPU
		Release|Any CPU = Release|Any CPU
	EndGlobalSection
	GlobalSection(ProjectConfigurationPlatforms) = postSolution
		{E0ACC2F7-94D5-4932-9E49-CD02704AFD99}.Debug|Any CPU.ActiveCfg = Debug|Any CPU
		{E0ACC2F7-94D5-4932-9E49-CD02704AFD99}.Debug|Any CPU.Build.0 = Debug|Any CPU
		{E0ACC2F7-94D5-4932-9E49-CD02704AFD99}.Release|Any CPU.ActiveCfg = Release|Any CPU
		{E0ACC2F7-94D5-4932-9E49-CD02704AFD99}.Release|Any CPU.Build.0 = Release|Any CPU
	EndGlobalSection
	GlobalSection(SolutionProperties) = preSolution
		HideSolutionNode = FALSE
	EndGlobalSection
	GlobalSection(ExtensibilityGlobals) = postSolution
		SolutionGuid = {8B24262E-75F3-46EC-8C1F-ED0540940626}
	EndGlobalSection
EndGlobal
